
Microsoft Visual Studio Solution File, Format Version 12.00
# Visual Studio Version 17
VisualStudioVersion = 17.8.34511.84
MinimumVisualStudioVersion = 10.0.40219.1
Project("{FAE04EC0-301F-11D3-BF4B-00C04F79EFBC}") = "bilbasen", "bilbasen.csproj", "{3313E8AF-8EB6-4089-A389-93808660C56E}"
EndProject
Project("{FAE04EC0-301F-11D3-BF4B-00C04F79EFBC}") = "Classes", "..\Classes\Classes.csproj", "{388243B1-74B8-4BF2-BD0F-CDCB5DCD7B07}"
EndProject
Global
	GlobalSection(SolutionConfigurationPlatforms) = preSolution
		Debug|Any CPU = Debug|Any CPU
		Release|Any CPU = Release|Any CPU
	EndGlobalSection
	GlobalSection(ProjectConfigurationPlatforms) = postSolution
		{3313E8AF-8EB6-4089-A389-93808660C56E}.Debug|Any CPU.ActiveCfg = Debug|Any CPU
		{3313E8AF-8EB6-4089-A389-93808660C56E}.Debug|Any CPU.Build.0 = Debug|Any CPU
		{3313E8AF-8EB6-4089-A389-93808660C56E}.Release|Any CPU.ActiveCfg = Release|Any CPU
		{3313E8AF-8EB6-4089-A389-93808660C56E}.Release|Any CPU.Build.0 = Release|Any CPU
		{388243B1-74B8-4BF2-BD0F-CDCB5DCD7B07}.Debug|Any CPU.ActiveCfg = Debug|Any CPU
		{388243B1-74B8-4BF2-BD0F-CDCB5DCD7B07}.Debug|Any CPU.Build.0 = Debug|Any CPU
		{388243B1-74B8-4BF2-BD0F-CDCB5DCD7B07}.Release|Any CPU.ActiveCfg = Release|Any CPU
		{388243B1-74B8-4BF2-BD0F-CDCB5DCD7B07}.Release|Any CPU.Build.0 = Release|Any CPU
	EndGlobalSection
	GlobalSection(SolutionProperties) = preSolution
		HideSolutionNode = FALSE
	EndGlobalSection
	GlobalSection(ExtensibilityGlobals) = postSolution
		SolutionGuid = {EF635421-8147-4DB3-851B-DF00DDB0C4A3}
	EndGlobalSection
EndGlobal
